[{<<"application_server">>,
  {git,"https://github.com/joq62/application_server.git",
       {ref,"7d20a39a96e2f4bdc2d288951ec8eb0abe4b973b"}},
  0},
 {<<"common">>,
  {git,"https://github.com/joq62/common.git",
       {ref,"bc8ff0b55a2041803b4195f9c6df7100f06ecd5f"}},
  0},
 {<<"host_server">>,
  {git,"https://github.com/joq62/host_server.git",
       {ref,"e0fabb7b5f02cfb36b28a4c3c7606317056c3b8e"}},
  0},
 {<<"log">>,
  {git,"https://github.com/joq62/log.git",
       {ref,"e9244dc287bd226c305ff3c52d7822b004492167"}},
  0},
 {<<"rd">>,
  {git,"https://github.com/joq62/rd.git",
       {ref,"48a5720140a10d66b5b2cd2db80a36e2ba143efa"}},
  0}].
