[{<<"application_server">>,
  {git,"https://github.com/joq62/application_server.git",
       {ref,"afb0516b52c6dcf3704cf37cdd542b3065e8b80b"}},
  0},
 {<<"deployment_server">>,
  {git,"https://github.com/joq62/deployment_server.git",
       {ref,"0285608e00dcbe58ef60290f3b4d10f980020d9f"}},
  0},
 {<<"git_handler">>,
  {git,"https://github.com/joq62/git_handler.git",
       {ref,"0689a390b2424b68fda9ad81086117e279537693"}},
  0},
 {<<"host_server">>,
  {git,"https://github.com/joq62/host_server.git",
       {ref,"57d0074361ef7f30ff32e34347f376dc5798b739"}},
  0},
 {<<"log">>,
  {git,"https://github.com/joq62/log.git",
       {ref,"6329c78d7a3f69957637bdf0e23872a2834d002c"}},
  0},
 {<<"rd">>,
  {git,"https://github.com/joq62/rd.git",
       {ref,"660946722279e021347c29744cd4dde87def87a2"}},
  0}].
